
Microsoft Visual Studio Solution File, Format Version 12.00
# Visual Studio 15
VisualStudioVersion = 15.0.26228.9
MinimumVisualStudioVersion = 10.0.40219.1
Project("{FAE04EC0-301F-11D3-BF4B-00C04F79EFBC}") = "BookStore.Data", "BookStore.Data\BookStore.Data.csproj", "{A12AF44B-904D-413B-AAB8-93138E2526D6}"
EndProject
Project("{FAE04EC0-301F-11D3-BF4B-00C04F79EFBC}") = "BookStore.Data.EntityFramework", "BookStore.Data.EntityFramework\BookStore.Data.EntityFramework.csproj", "{77BEBFF9-6B25-4999-A333-8CB5E74B2B82}"
EndProject
Project("{FAE04EC0-301F-11D3-BF4B-00C04F79EFBC}") = "BookStore.Business", "BookStore.Business\BookStore.Business.csproj", "{C08DCE29-B09C-4377-BC05-D14BC403C71D}"
EndProject
Project("{FAE04EC0-301F-11D3-BF4B-00C04F79EFBC}") = "BookStore.Business.Services", "BookStore.Business.Services\BookStore.Business.Services.csproj", "{EC34064F-08ED-47D0-882A-455A7F21FF1C}"
EndProject
Global
	GlobalSection(SolutionConfigurationPlatforms) = preSolution
		Debug|Any CPU = Debug|Any CPU
		Release|Any CPU = Release|Any CPU
	EndGlobalSection
	GlobalSection(ProjectConfigurationPlatforms) = postSolution
		{A12AF44B-904D-413B-AAB8-93138E2526D6}.Debug|Any CPU.ActiveCfg = Debug|Any CPU
		{A12AF44B-904D-413B-AAB8-93138E2526D6}.Debug|Any CPU.Build.0 = Debug|Any CPU
		{A12AF44B-904D-413B-AAB8-93138E2526D6}.Release|Any CPU.ActiveCfg = Release|Any CPU
		{A12AF44B-904D-413B-AAB8-93138E2526D6}.Release|Any CPU.Build.0 = Release|Any CPU
		{77BEBFF9-6B25-4999-A333-8CB5E74B2B82}.Debug|Any CPU.ActiveCfg = Debug|Any CPU
		{77BEBFF9-6B25-4999-A333-8CB5E74B2B82}.Debug|Any CPU.Build.0 = Debug|Any CPU
		{77BEBFF9-6B25-4999-A333-8CB5E74B2B82}.Release|Any CPU.ActiveCfg = Release|Any CPU
		{77BEBFF9-6B25-4999-A333-8CB5E74B2B82}.Release|Any CPU.Build.0 = Release|Any CPU
		{C08DCE29-B09C-4377-BC05-D14BC403C71D}.Debug|Any CPU.ActiveCfg = Debug|Any CPU
		{C08DCE29-B09C-4377-BC05-D14BC403C71D}.Debug|Any CPU.Build.0 = Debug|Any CPU
		{C08DCE29-B09C-4377-BC05-D14BC403C71D}.Release|Any CPU.ActiveCfg = Release|Any CPU
		{C08DCE29-B09C-4377-BC05-D14BC403C71D}.Release|Any CPU.Build.0 = Release|Any CPU
		{EC34064F-08ED-47D0-882A-455A7F21FF1C}.Debug|Any CPU.ActiveCfg = Debug|Any CPU
		{EC34064F-08ED-47D0-882A-455A7F21FF1C}.Debug|Any CPU.Build.0 = Debug|Any CPU
		{EC34064F-08ED-47D0-882A-455A7F21FF1C}.Release|Any CPU.ActiveCfg = Release|Any CPU
		{EC34064F-08ED-47D0-882A-455A7F21FF1C}.Release|Any CPU.Build.0 = Release|Any CPU
	EndGlobalSection
	GlobalSection(SolutionProperties) = preSolution
		HideSolutionNode = FALSE
	EndGlobalSection
EndGlobal
