
Microsoft Visual Studio Solution File, Format Version 12.00
# Visual Studio 15
VisualStudioVersion = 15.0.26228.9
MinimumVisualStudioVersion = 10.0.40219.1
Project("{FAE04EC0-301F-11D3-BF4B-00C04F79EFBC}") = "Instinctools.Data.EntityFramework", "Instinctools.Data.EntityFramework\Instinctools.Data.EntityFramework.csproj", "{83B30D35-BDBB-413F-A223-879ED91816A2}"
EndProject
Project("{FAE04EC0-301F-11D3-BF4B-00C04F79EFBC}") = "ConsoleTestApp", "ConsoleTestApp\ConsoleTestApp.csproj", "{A49785A6-C044-42CD-B88D-D9F39709E0CE}"
EndProject
Project("{FAE04EC0-301F-11D3-BF4B-00C04F79EFBC}") = "Instinctools.Data", "Instinctools.Data\Instinctools.Data.csproj", "{C383DAEC-A085-4C0D-8BFE-55794791201C}"
EndProject
Global
	GlobalSection(SolutionConfigurationPlatforms) = preSolution
		Debug|Any CPU = Debug|Any CPU
		Release|Any CPU = Release|Any CPU
	EndGlobalSection
	GlobalSection(ProjectConfigurationPlatforms) = postSolution
		{83B30D35-BDBB-413F-A223-879ED91816A2}.Debug|Any CPU.ActiveCfg = Debug|Any CPU
		{83B30D35-BDBB-413F-A223-879ED91816A2}.Debug|Any CPU.Build.0 = Debug|Any CPU
		{83B30D35-BDBB-413F-A223-879ED91816A2}.Release|Any CPU.ActiveCfg = Release|Any CPU
		{83B30D35-BDBB-413F-A223-879ED91816A2}.Release|Any CPU.Build.0 = Release|Any CPU
		{A49785A6-C044-42CD-B88D-D9F39709E0CE}.Debug|Any CPU.ActiveCfg = Debug|Any CPU
		{A49785A6-C044-42CD-B88D-D9F39709E0CE}.Debug|Any CPU.Build.0 = Debug|Any CPU
		{A49785A6-C044-42CD-B88D-D9F39709E0CE}.Release|Any CPU.ActiveCfg = Release|Any CPU
		{A49785A6-C044-42CD-B88D-D9F39709E0CE}.Release|Any CPU.Build.0 = Release|Any CPU
		{C383DAEC-A085-4C0D-8BFE-55794791201C}.Debug|Any CPU.ActiveCfg = Debug|Any CPU
		{C383DAEC-A085-4C0D-8BFE-55794791201C}.Debug|Any CPU.Build.0 = Debug|Any CPU
		{C383DAEC-A085-4C0D-8BFE-55794791201C}.Release|Any CPU.ActiveCfg = Release|Any CPU
		{C383DAEC-A085-4C0D-8BFE-55794791201C}.Release|Any CPU.Build.0 = Release|Any CPU
	EndGlobalSection
	GlobalSection(SolutionProperties) = preSolution
		HideSolutionNode = FALSE
	EndGlobalSection
EndGlobal
